# THIS IS AN AUTOGENERATED FILE. DO NOT EDIT THIS FILE DIRECTLY.
# yarn lockfile v1


"@types/node@^20.3.3":
  version "20.3.3"
  resolved "https://registry.npmjs.org/@types/node/-/node-20.3.3.tgz"
  integrity sha512-wheIYdr4NYML61AjC8MKj/2jrR/kDQri/CIpVoZwldwhnIrD/j9jIU5bJ8yBKuB2VhpFV7Ab6G2XkBjv9r9Zzw==

csv-parse@^5.4.0:
  version "5.4.0"
  resolved "https://registry.yarnpkg.com/csv-parse/-/csv-parse-5.4.0.tgz#6793210a4a49a9a74b3fde3f9d00f3f52044fd89"
  integrity sha512-JiQosUWiOFgp4hQn0an+SBoV9IKdqzhROM0iiN4LB7UpfJBlsSJlWl9nq4zGgxgMAzHJ6V4t29VAVD+3+2NJAg==
